<?xml version="1.0" encoding="utf-8"?>
<Project ToolsVersion="4.0" xmlns="http://schemas.microsoft.com/developer/msbuild/2003">
  <ItemGroup>
    <Filter Include="Project">
      <UniqueIdentifier>{ef12687d-4f09-400a-b624-7de150623ad5}</UniqueIdentifier>
    </Filter>
    <Filter Include="Project\Config">
      <UniqueIdentifier>{c884f740-e02a-4c61-8fbe-642f1c40dad4}</UniqueIdentifier>
    </Filter>
    <Filter Include="Project\Util">
      <UniqueIdentifier>{d63db666-99aa-41ac-99ef-4914870f3ac4}</UniqueIdentifier>
    </Filter>
  </ItemGroup>
  <ItemGroup>
    <ClCompile Include="Main.cpp">
      <Filter>Project</Filter>
    </ClCompile>
    <ClCompile Include="ServerConfig.cpp">
      <Filter>Project\Util</Filter>
    </ClCompile>
    <ClCompile Include="Worker.cpp">
      <Filter>Project</Filter>
    </ClCompile>
    <ClCompile Include="WebServer.cpp">
      <Filter>Project</Filter>
    </ClCompile>
  </ItemGroup>
  <ItemGroup>
    <None Include="conf\mime.cfg">
      <Filter>Project\Config</Filter>
    </None>
    <None Include="conf\main.cfg">
      <Filter>Project\Config</Filter>
    </None>
  </ItemGroup>
  <ItemGroup>
    <ClInclude Include="ServerConfig.h">
      <Filter>Project\Util</Filter>
    </ClInclude>
    <ClInclude Include="Worker.h">
      <Filter>Project</Filter>
    </ClInclude>
    <ClInclude Include="WebServer.h">
      <Filter>Project</Filter>
    </ClInclude>
  </ItemGroup>
</Project>