<?xml version="1.0" encoding="utf-8"?>
<Project ToolsVersion="4.0" xmlns="http://schemas.microsoft.com/developer/msbuild/2003">
  <ItemGroup>
    <Filter Include="Project">
      <UniqueIdentifier>{88d03060-55de-4049-bcbc-a0bf22e13118}</UniqueIdentifier>
    </Filter>
    <Filter Include="Project\db">
      <UniqueIdentifier>{b74610e1-2679-48d4-93d5-ef33e42cd1ef}</UniqueIdentifier>
    </Filter>
    <Filter Include="Project\Config">
      <UniqueIdentifier>{00973eb1-ec00-4684-acea-957bcf3a2bd6}</UniqueIdentifier>
    </Filter>
    <Filter Include="Project\Util">
      <UniqueIdentifier>{320ca03f-7008-4833-85ff-fb0cbbacfa63}</UniqueIdentifier>
    </Filter>
  </ItemGroup>
  <ItemGroup>
    <ClCompile Include="ServerConfig.cpp">
      <Filter>Project\Util</Filter>
    </ClCompile>
    <ClCompile Include="Main.cpp">
      <Filter>Project</Filter>
    </ClCompile>
    <ClCompile Include="SQLServer.cpp">
      <Filter>Project</Filter>
    </ClCompile>
    <ClCompile Include="Worker.cpp" />
  </ItemGroup>
  <ItemGroup>
    <None Include="conf\main.cfg">
      <Filter>Project\Config</Filter>
    </None>
  </ItemGroup>
  <ItemGroup>
    <ClInclude Include="ServerConfig.h">
      <Filter>Project\Util</Filter>
    </ClInclude>
    <ClInclude Include="SQLServer.h">
      <Filter>Project</Filter>
    </ClInclude>
    <ClInclude Include="Worker.h" />
  </ItemGroup>
</Project>